// !$*UTF8*$!
{
	archiveVersion = 1;
	classes = {
	};
	objectVersion = 77;
	objects = {

/* Begin PBXBuildFile section */
		1A0000000000000000000012 /* LiveKit in Frameworks */ = {isa = PBXBuildFile; productRef = 1A0000000000000000000011 /* LiveKit */; };
/* End PBXBuildFile section */

/* Begin PBXContainerItemProxy section */
		1A000000000000000000001E /* PBXContainerItemProxy */ = {
			isa = PBXContainerItemProxy;
			containerPortal = 1A0000000000000000000001 /* Project object */;
			proxyType = 1;
			remoteGlobalIDString = 1A0000000000000000000005;
			remoteInfo = RxHive;
		};
/* End PBXContainerItemProxy section */

/* Begin PBXFileReference section */
		1A0000000000000000000004 /* RxHive.app */ = {isa = PBXFileReference; explicitFileType = wrapper.application; includeInIndex = 0; path = RxHive.app; sourceTree = BUILT_PRODUCTS_DIR; };
		1A0000000000000000000013 /* Info.plist */ = {isa = PBXFileReference; lastKnownFileType = text.plist.xml; path = Info.plist; sourceTree = "<group>"; };
		1A0000000000000000000014 /* RxHiveTests.xctest */ = {isa = PBXFileReference; explicitFileType = wrapper.cfbundle; includeInIndex = 0; path = RxHiveTests.xctest; sourceTree = BUILT_PRODUCTS_DIR; };
/* End PBXFileReference section */

/* Begin PBXFileSystemSynchronizedRootGroup section */
		/*
		  A synchronized folder, not an enumerated file list. Every .swift file added
		  under ios/RxHive/ — including whole new feature folders — is compiled
		  automatically, and Assets.xcassets is bundled automatically. This is why
		  this project file does not have to be regenerated when the source tree grows,
		  and why two people adding files cannot conflict in the pbxproj.
		  Requires Xcode 16 or later (objectVersion 77).
		*/
		1A0000000000000000000009 /* RxHive */ = {
			isa = PBXFileSystemSynchronizedRootGroup;
			path = RxHive;
			sourceTree = "<group>";
		};
		/*
		  Same arrangement for the tests: drop a .swift file into ios/RxHiveTests/
		  and it is compiled into the test bundle without touching this file.
		*/
		1A0000000000000000000015 /* RxHiveTests */ = {
			isa = PBXFileSystemSynchronizedRootGroup;
			path = RxHiveTests;
			sourceTree = "<group>";
		};
/* End PBXFileSystemSynchronizedRootGroup section */

/* Begin PBXFrameworksBuildPhase section */
		1A0000000000000000000007 /* Frameworks */ = {
			isa = PBXFrameworksBuildPhase;
			buildActionMask = 2147483647;
			files = (
				1A0000000000000000000012 /* LiveKit in Frameworks */,
			);
			runOnlyForDeploymentPostprocessing = 0;
		};
		/*
		  Empty on purpose. XCTest is linked implicitly by the unit-test product type,
		  and the test bundle must NOT link LiveKit: it exercises Core/ against a
		  scripted URLProtocol and gets everything else from the app it is hosted by.
		*/
		1A0000000000000000000018 /* Frameworks */ = {
			isa = PBXFrameworksBuildPhase;
			buildActionMask = 2147483647;
			files = (
			);
			runOnlyForDeploymentPostprocessing = 0;
		};
/* End PBXFrameworksBuildPhase section */

/* Begin PBXGroup section */
		1A0000000000000000000002 = {
			isa = PBXGroup;
			children = (
				1A0000000000000000000009 /* RxHive */,
				1A0000000000000000000015 /* RxHiveTests */,
				1A0000000000000000000013 /* Info.plist */,
				1A0000000000000000000003 /* Products */,
			);
			sourceTree = "<group>";
		};
		1A0000000000000000000003 /* Products */ = {
			isa = PBXGroup;
			children = (
				1A0000000000000000000004 /* RxHive.app */,
				1A0000000000000000000014 /* RxHiveTests.xctest */,
			);
			name = Products;
			sourceTree = "<group>";
		};
/* End PBXGroup section */

/* Begin PBXNativeTarget section */
		1A0000000000000000000005 /* RxHive */ = {
			isa = PBXNativeTarget;
			buildConfigurationList = 1A000000000000000000000B /* Build configuration list for PBXNativeTarget "RxHive" */;
			buildPhases = (
				1A0000000000000000000006 /* Sources */,
				1A0000000000000000000007 /* Frameworks */,
				1A0000000000000000000008 /* Resources */,
			);
			buildRules = (
			);
			dependencies = (
			);
			fileSystemSynchronizedGroups = (
				1A0000000000000000000009 /* RxHive */,
			);
			name = RxHive;
			packageProductDependencies = (
				1A0000000000000000000011 /* LiveKit */,
			);
			productName = RxHive;
			productReference = 1A0000000000000000000004 /* RxHive.app */;
			productType = "com.apple.product-type.application";
		};
		1A0000000000000000000016 /* RxHiveTests */ = {
			isa = PBXNativeTarget;
			buildConfigurationList = 1A000000000000000000001A /* Build configuration list for PBXNativeTarget "RxHiveTests" */;
			buildPhases = (
				1A0000000000000000000017 /* Sources */,
				1A0000000000000000000018 /* Frameworks */,
				1A0000000000000000000019 /* Resources */,
			);
			buildRules = (
			);
			dependencies = (
				1A000000000000000000001D /* PBXTargetDependency */,
			);
			fileSystemSynchronizedGroups = (
				1A0000000000000000000015 /* RxHiveTests */,
			);
			name = RxHiveTests;
			packageProductDependencies = (
			);
			productName = RxHiveTests;
			productReference = 1A0000000000000000000014 /* RxHiveTests.xctest */;
			productType = "com.apple.product-type.bundle.unit-test";
		};
/* End PBXNativeTarget section */

/* Begin PBXProject section */
		1A0000000000000000000001 /* Project object */ = {
			isa = PBXProject;
			attributes = {
				BuildIndependentTargetsInParallel = 1;
				LastSwiftUpdateCheck = 1600;
				LastUpgradeCheck = 1600;
				TargetAttributes = {
					1A0000000000000000000005 = {
						CreatedOnToolsVersion = 16.0;
					};
					1A0000000000000000000016 = {
						CreatedOnToolsVersion = 16.0;
						TestTargetID = 1A0000000000000000000005;
					};
				};
			};
			buildConfigurationList = 1A000000000000000000000A /* Build configuration list for PBXProject "RxHive" */;
			developmentRegion = en;
			hasScannedForEncodings = 0;
			knownRegions = (
				en,
				Base,
			);
			mainGroup = 1A0000000000000000000002;
			minimizedProjectReferenceProxies = 1;
			packageReferences = (
				1A0000000000000000000010 /* XCRemoteSwiftPackageReference "client-sdk-swift" */,
			);
			productRefGroup = 1A0000000000000000000003 /* Products */;
			projectDirPath = "";
			projectRoot = "";
			targets = (
				1A0000000000000000000005 /* RxHive */,
				1A0000000000000000000016 /* RxHiveTests */,
			);
		};
/* End PBXProject section */

/* Begin PBXResourcesBuildPhase section */
		1A0000000000000000000008 /* Resources */ = {
			isa = PBXResourcesBuildPhase;
			buildActionMask = 2147483647;
			files = (
			);
			runOnlyForDeploymentPostprocessing = 0;
		};
		1A0000000000000000000019 /* Resources */ = {
			isa = PBXResourcesBuildPhase;
			buildActionMask = 2147483647;
			files = (
			);
			runOnlyForDeploymentPostprocessing = 0;
		};
/* End PBXResourcesBuildPhase section */

/* Begin PBXSourcesBuildPhase section */
		1A0000000000000000000006 /* Sources */ = {
			isa = PBXSourcesBuildPhase;
			buildActionMask = 2147483647;
			files = (
			);
			runOnlyForDeploymentPostprocessing = 0;
		};
		/* Empty: the sources come from the synchronized RxHiveTests group above. */
		1A0000000000000000000017 /* Sources */ = {
			isa = PBXSourcesBuildPhase;
			buildActionMask = 2147483647;
			files = (
			);
			runOnlyForDeploymentPostprocessing = 0;
		};
/* End PBXSourcesBuildPhase section */

/* Begin PBXTargetDependency section */
		1A000000000000000000001D /* PBXTargetDependency */ = {
			isa = PBXTargetDependency;
			target = 1A0000000000000000000005 /* RxHive */;
			targetProxy = 1A000000000000000000001E /* PBXContainerItemProxy */;
		};
/* End PBXTargetDependency section */

/* Begin XCBuildConfiguration section */
		1A000000000000000000000C /* Debug */ = {
			isa = XCBuildConfiguration;
			buildSettings = {
				ALWAYS_SEARCH_USER_PATHS = NO;
				ASSETCATALOG_COMPILER_GENERATE_SWIFT_ASSET_SYMBOL_EXTENSIONS = YES;
				CLANG_ANALYZER_NONNULL = YES;
				CLANG_ENABLE_MODULES = YES;
				CLANG_ENABLE_OBJC_ARC = YES;
				COPY_PHASE_STRIP = NO;
				DEBUG_INFORMATION_FORMAT = dwarf;
				ENABLE_STRICT_OBJC_MSGSEND = YES;
				ENABLE_TESTABILITY = YES;
				ENABLE_USER_SCRIPT_SANDBOXING = YES;
				GCC_C_LANGUAGE_STANDARD = gnu17;
				GCC_DYNAMIC_NO_PIC = NO;
				GCC_NO_COMMON_BLOCKS = YES;
				GCC_OPTIMIZATION_LEVEL = 0;
				GCC_PREPROCESSOR_DEFINITIONS = (
					"DEBUG=1",
					"$(inherited)",
				);
				IPHONEOS_DEPLOYMENT_TARGET = 17.0;
				MTL_ENABLE_DEBUG_INFO = INCLUDE_SOURCE;
				MTL_FAST_MATH = YES;
				ONLY_ACTIVE_ARCH = YES;
				SDKROOT = iphoneos;
				SWIFT_ACTIVE_COMPILATION_CONDITIONS = "DEBUG $(inherited)";
				SWIFT_OPTIMIZATION_LEVEL = "-Onone";
				SWIFT_VERSION = 5.0;
			};
			name = Debug;
		};
		1A000000000000000000000D /* Release */ = {
			isa = XCBuildConfiguration;
			buildSettings = {
				ALWAYS_SEARCH_USER_PATHS = NO;
				ASSETCATALOG_COMPILER_GENERATE_SWIFT_ASSET_SYMBOL_EXTENSIONS = YES;
				CLANG_ANALYZER_NONNULL = YES;
				CLANG_ENABLE_MODULES = YES;
				CLANG_ENABLE_OBJC_ARC = YES;
				COPY_PHASE_STRIP = NO;
				DEBUG_INFORMATION_FORMAT = "dwarf-with-dsym";
				ENABLE_NS_ASSERTIONS = NO;
				ENABLE_STRICT_OBJC_MSGSEND = YES;
				ENABLE_USER_SCRIPT_SANDBOXING = YES;
				GCC_C_LANGUAGE_STANDARD = gnu17;
				GCC_NO_COMMON_BLOCKS = YES;
				IPHONEOS_DEPLOYMENT_TARGET = 17.0;
				MTL_ENABLE_DEBUG_INFO = NO;
				MTL_FAST_MATH = YES;
				SDKROOT = iphoneos;
				SWIFT_COMPILATION_MODE = wholemodule;
				SWIFT_VERSION = 5.0;
				VALIDATE_PRODUCT = YES;
			};
			name = Release;
		};
		1A000000000000000000000E /* Debug */ = {
			isa = XCBuildConfiguration;
			buildSettings = {
				ASSETCATALOG_COMPILER_APPICON_NAME = AppIcon;
				ASSETCATALOG_COMPILER_GLOBAL_ACCENT_COLOR_NAME = AccentColor;
				CODE_SIGN_STYLE = Automatic;
				CURRENT_PROJECT_VERSION = 1;
				DEVELOPMENT_ASSET_PATHS = "";
				ENABLE_PREVIEWS = YES;
				GENERATE_INFOPLIST_FILE = NO;
				INFOPLIST_FILE = Info.plist;
				LD_RUNPATH_SEARCH_PATHS = (
					"$(inherited)",
					"@executable_path/Frameworks",
				);
				MARKETING_VERSION = 1.0;
				PRODUCT_BUNDLE_IDENTIFIER = ai.rhythmrx.rxhive;
				PRODUCT_NAME = "$(TARGET_NAME)";
				/* Local development default: Caddy, NOT the API's own port.
				   `infra/docker-compose.yml` does not publish api:8000 to the host —
				   Caddy owns :80 and reverse-proxies /api/* and the /api/ws upgrade to
				   it, exactly as in production. Pointing at :8000 gives connection
				   refused unless you add a ports mapping yourself.
				   For a bare `uvicorn` run outside compose, use http://localhost:8000.
				   Override per-machine in a .xcconfig rather than editing this file. */
				RXHIVE_API_URL = "http://localhost";
				SUPPORTED_PLATFORMS = "iphoneos iphonesimulator";
				SUPPORTS_MACCATALYST = NO;
				SWIFT_EMIT_LOC_STRINGS = YES;
				TARGETED_DEVICE_FAMILY = "1,2";
			};
			name = Debug;
		};
		1A000000000000000000000F /* Release */ = {
			isa = XCBuildConfiguration;
			buildSettings = {
				ASSETCATALOG_COMPILER_APPICON_NAME = AppIcon;
				ASSETCATALOG_COMPILER_GLOBAL_ACCENT_COLOR_NAME = AccentColor;
				CODE_SIGN_STYLE = Automatic;
				CURRENT_PROJECT_VERSION = 1;
				ENABLE_PREVIEWS = YES;
				GENERATE_INFOPLIST_FILE = NO;
				INFOPLIST_FILE = Info.plist;
				LD_RUNPATH_SEARCH_PATHS = (
					"$(inherited)",
					"@executable_path/Frameworks",
				);
				MARKETING_VERSION = 1.0;
				PRODUCT_BUNDLE_IDENTIFIER = ai.rhythmrx.rxhive;
				PRODUCT_NAME = "$(TARGET_NAME)";
				/* CHANGE ME before shipping: the production API origin. */
				RXHIVE_API_URL = "https://rxhive.example.com";
				SUPPORTED_PLATFORMS = "iphoneos iphonesimulator";
				SUPPORTS_MACCATALYST = NO;
				SWIFT_EMIT_LOC_STRINGS = YES;
				TARGETED_DEVICE_FAMILY = "1,2";
			};
			name = Release;
		};
		/*
		  Unit-test bundle, hosted by the app.
		    TEST_HOST     — the app's executable, so the tests run inside the app
		                    process and get its Info.plist (AppConfig.apiBaseURL reads
		                    RXHIVE_API_URL from Bundle.main, which is the *app* here).
		    BUNDLE_LOADER — the same binary, so @testable import RxHive resolves the
		                    app's symbols at link time instead of duplicating sources.
		  No SPM product is declared: nothing under RxHiveTests/ touches LiveKit.
		*/
		1A000000000000000000001B /* Debug */ = {
			isa = XCBuildConfiguration;
			buildSettings = {
				BUNDLE_LOADER = "$(TEST_HOST)";
				CODE_SIGN_STYLE = Automatic;
				CURRENT_PROJECT_VERSION = 1;
				GENERATE_INFOPLIST_FILE = YES;
				IPHONEOS_DEPLOYMENT_TARGET = 17.0;
				MARKETING_VERSION = 1.0;
				PRODUCT_BUNDLE_IDENTIFIER = ai.rhythmrx.rxhive.tests;
				PRODUCT_NAME = "$(TARGET_NAME)";
				SUPPORTED_PLATFORMS = "iphoneos iphonesimulator";
				SUPPORTS_MACCATALYST = NO;
				SWIFT_EMIT_LOC_STRINGS = NO;
				TARGETED_DEVICE_FAMILY = "1,2";
				TEST_HOST = "$(BUILT_PRODUCTS_DIR)/RxHive.app/$(BUNDLE_EXECUTABLE_FOLDER_PATH)/RxHive";
			};
			name = Debug;
		};
		1A000000000000000000001C /* Release */ = {
			isa = XCBuildConfiguration;
			buildSettings = {
				BUNDLE_LOADER = "$(TEST_HOST)";
				CODE_SIGN_STYLE = Automatic;
				CURRENT_PROJECT_VERSION = 1;
				GENERATE_INFOPLIST_FILE = YES;
				IPHONEOS_DEPLOYMENT_TARGET = 17.0;
				MARKETING_VERSION = 1.0;
				PRODUCT_BUNDLE_IDENTIFIER = ai.rhythmrx.rxhive.tests;
				PRODUCT_NAME = "$(TARGET_NAME)";
				SUPPORTED_PLATFORMS = "iphoneos iphonesimulator";
				SUPPORTS_MACCATALYST = NO;
				SWIFT_EMIT_LOC_STRINGS = NO;
				TARGETED_DEVICE_FAMILY = "1,2";
				TEST_HOST = "$(BUILT_PRODUCTS_DIR)/RxHive.app/$(BUNDLE_EXECUTABLE_FOLDER_PATH)/RxHive";
			};
			name = Release;
		};
/* End XCBuildConfiguration section */

/* Begin XCConfigurationList section */
		1A000000000000000000000A /* Build configuration list for PBXProject "RxHive" */ = {
			isa = XCConfigurationList;
			buildConfigurations = (
				1A000000000000000000000C /* Debug */,
				1A000000000000000000000D /* Release */,
			);
			defaultConfigurationIsVisible = 0;
			defaultConfigurationName = Release;
		};
		1A000000000000000000000B /* Build configuration list for PBXNativeTarget "RxHive" */ = {
			isa = XCConfigurationList;
			buildConfigurations = (
				1A000000000000000000000E /* Debug */,
				1A000000000000000000000F /* Release */,
			);
			defaultConfigurationIsVisible = 0;
			defaultConfigurationName = Release;
		};
		1A000000000000000000001A /* Build configuration list for PBXNativeTarget "RxHiveTests" */ = {
			isa = XCConfigurationList;
			buildConfigurations = (
				1A000000000000000000001B /* Debug */,
				1A000000000000000000001C /* Release */,
			);
			defaultConfigurationIsVisible = 0;
			defaultConfigurationName = Release;
		};
/* End XCConfigurationList section */

/* Begin XCRemoteSwiftPackageReference section */
		1A0000000000000000000010 /* XCRemoteSwiftPackageReference "client-sdk-swift" */ = {
			isa = XCRemoteSwiftPackageReference;
			repositoryURL = "https://github.com/livekit/client-sdk-swift.git";
			requirement = {
				kind = upToNextMajorVersion;
				minimumVersion = 2.0.0;
			};
		};
/* End XCRemoteSwiftPackageReference section */

/* Begin XCSwiftPackageProductDependency section */
		1A0000000000000000000011 /* LiveKit */ = {
			isa = XCSwiftPackageProductDependency;
			package = 1A0000000000000000000010 /* XCRemoteSwiftPackageReference "client-sdk-swift" */;
			productName = LiveKit;
		};
/* End XCSwiftPackageProductDependency section */
	};
	rootObject = 1A0000000000000000000001 /* Project object */;
}
